
Microsoft Visual Studio Solution File, Format Version 12.00
# Visual Studio Version 16
VisualStudioVersion = 16.0.29411.108
MinimumVisualStudioVersion = 10.0.40219.1
Project("{FAE04EC0-301F-11D3-BF4B-00C04F79EFBC}") = "DropzoneBasic", "DropzoneBasic\DropzoneBasic.csproj", "{13D5C0B1-4836-4857-910D-F35C192824C6}"
EndProject
Global
	GlobalSection(SolutionConfigurationPlatforms) = preSolution
		Debug|Any CPU = Debug|Any CPU
		Release|Any CPU = Release|Any CPU
	EndGlobalSection
	GlobalSection(ProjectConfigurationPlatforms) = postSolution
		{13D5C0B1-4836-4857-910D-F35C192824C6}.Debug|Any CPU.ActiveCfg = Debug|Any CPU
		{13D5C0B1-4836-4857-910D-F35C192824C6}.Debug|Any CPU.Build.0 = Debug|Any CPU
		{13D5C0B1-4836-4857-910D-F35C192824C6}.Release|Any CPU.ActiveCfg = Release|Any CPU
		{13D5C0B1-4836-4857-910D-F35C192824C6}.Release|Any CPU.Build.0 = Release|Any CPU
	EndGlobalSection
	GlobalSection(SolutionProperties) = preSolution
		HideSolutionNode = FALSE
	EndGlobalSection
	GlobalSection(ExtensibilityGlobals) = postSolution
		SolutionGuid = {123E08D2-D0B4-4CF5-9ADB-6319AE92082C}
	EndGlobalSection
EndGlobal
